
Microsoft Visual Studio Solution File, Format Version 12.00
# Visual Studio 15
VisualStudioVersion = 15.0.27130.2003
MinimumVisualStudioVersion = 10.0.40219.1
Project("{FAE04EC0-301F-11D3-BF4B-00C04F79EFBC}") = "CsvImporter", "CsvImporter\CsvImporter.csproj", "{7A983C4E-2483-4686-AF98-B52A639472A6}"
EndProject
Global
	GlobalSection(SolutionConfigurationPlatforms) = preSolution
		Debug|Any CPU = Debug|Any CPU
		Release|Any CPU = Release|Any CPU
	EndGlobalSection
	GlobalSection(ProjectConfigurationPlatforms) = postSolution
		{7A983C4E-2483-4686-AF98-B52A639472A6}.Debug|Any CPU.ActiveCfg = Debug|Any CPU
		{7A983C4E-2483-4686-AF98-B52A639472A6}.Debug|Any CPU.Build.0 = Debug|Any CPU
		{7A983C4E-2483-4686-AF98-B52A639472A6}.Release|Any CPU.ActiveCfg = Release|Any CPU
		{7A983C4E-2483-4686-AF98-B52A639472A6}.Release|Any CPU.Build.0 = Release|Any CPU
	EndGlobalSection
	GlobalSection(SolutionProperties) = preSolution
		HideSolutionNode = FALSE
	EndGlobalSection
	GlobalSection(ExtensibilityGlobals) = postSolution
		SolutionGuid = {F4603A42-4CCF-4ABC-AF1B-D3721672F6D4}
	EndGlobalSection
EndGlobal
